
Microsoft Visual Studio Solution File, Format Version 12.00
# Visual Studio 15
VisualStudioVersion = 15.0.27428.2005
MinimumVisualStudioVersion = 10.0.40219.1
Project("{888888A0-9F3D-457C-B088-3A5042F75D52}") = "KerasFuzzy", "KerasFuzzy\KerasFuzzy.pyproj", "{F2291B6A-6A89-44B7-AD92-568807778662}"
EndProject
Global
	GlobalSection(SolutionConfigurationPlatforms) = preSolution
		Debug|Any CPU = Debug|Any CPU
		Release|Any CPU = Release|Any CPU
	EndGlobalSection
	GlobalSection(ProjectConfigurationPlatforms) = postSolution
		{F2291B6A-6A89-44B7-AD92-568807778662}.Debug|Any CPU.ActiveCfg = Debug|Any CPU
		{F2291B6A-6A89-44B7-AD92-568807778662}.Release|Any CPU.ActiveCfg = Release|Any CPU
	EndGlobalSection
	GlobalSection(SolutionProperties) = preSolution
		HideSolutionNode = FALSE
	EndGlobalSection
	GlobalSection(ExtensibilityGlobals) = postSolution
		SolutionGuid = {F1825F7C-0A33-48CF-9F01-4717C4E8AE6E}
	EndGlobalSection
EndGlobal
